
Microsoft Visual Studio Solution File, Format Version 12.00
# Visual Studio Version 17
VisualStudioVersion = 17.5.002.0
MinimumVisualStudioVersion = 10.0.40219.1
Project("{9A19103F-16F7-4668-BE54-9A1E7A4F7556}") = "Backend", "src\Backend.csproj", "{89BE79C7-79A0-4C6F-B3CE-03340CFC058D}"
EndProject
Project("{FAE04EC0-301F-11D3-BF4B-00C04F79EFBC}") = "test", "test\test.csproj", "{A37F4AA2-BA8B-414C-806E-FFD762E9530F}"
EndProject
Global
	GlobalSection(SolutionConfigurationPlatforms) = preSolution
		Debug|Any CPU = Debug|Any CPU
		Release|Any CPU = Release|Any CPU
	EndGlobalSection
	GlobalSection(ProjectConfigurationPlatforms) = postSolution
		{89BE79C7-79A0-4C6F-B3CE-03340CFC058D}.Debug|Any CPU.ActiveCfg = Debug|Any CPU
		{89BE79C7-79A0-4C6F-B3CE-03340CFC058D}.Debug|Any CPU.Build.0 = Debug|Any CPU
		{89BE79C7-79A0-4C6F-B3CE-03340CFC058D}.Release|Any CPU.ActiveCfg = Release|Any CPU
		{89BE79C7-79A0-4C6F-B3CE-03340CFC058D}.Release|Any CPU.Build.0 = Release|Any CPU
		{A37F4AA2-BA8B-414C-806E-FFD762E9530F}.Debug|Any CPU.ActiveCfg = Debug|Any CPU
		{A37F4AA2-BA8B-414C-806E-FFD762E9530F}.Debug|Any CPU.Build.0 = Debug|Any CPU
		{A37F4AA2-BA8B-414C-806E-FFD762E9530F}.Release|Any CPU.ActiveCfg = Release|Any CPU
		{A37F4AA2-BA8B-414C-806E-FFD762E9530F}.Release|Any CPU.Build.0 = Release|Any CPU
	EndGlobalSection
	GlobalSection(SolutionProperties) = preSolution
		HideSolutionNode = FALSE
	EndGlobalSection
	GlobalSection(ExtensibilityGlobals) = postSolution
		SolutionGuid = {9EE9C3F9-E994-477A-B3AC-2444287B5CD0}
	EndGlobalSection
EndGlobal
